// !$*UTF8*$!
{
	archiveVersion = 1;
	classes = {
	};
	objectVersion = 77;
	objects = {

/* Begin PBXBuildFile section */
		BB3030FF2FBDFCC40005B10A /* tuexpertoesnexus Extension.appex in Embed Foundation Extensions */ = {isa = PBXBuildFile; fileRef = BB3030FE2FBDFCC40005B10A /* tuexpertoesnexus Extension.appex */; settings = {ATTRIBUTES = (RemoveHeadersOnCopy, ); }; };
		BB3031092FBDFCC40005B10A /* tuexpertoesnexus Extension.appex in Embed Foundation Extensions */ = {isa = PBXBuildFile; fileRef = BB3031082FBDFCC40005B10A /* tuexpertoesnexus Extension.appex */; settings = {ATTRIBUTES = (RemoveHeadersOnCopy, ); }; };
/* End PBXBuildFile section */

/* Begin PBXContainerItemProxy section */
		BB3031002FBDFCC40005B10A /* PBXContainerItemProxy */ = {
			isa = PBXContainerItemProxy;
			containerPortal = BB3030C52FBDFCC20005B10A /* Project object */;
			proxyType = 1;
			remoteGlobalIDString = BB3030FD2FBDFCC40005B10A;
			remoteInfo = "tuexpertoesnexus Extension (iOS)";
		};
		BB30310A2FBDFCC40005B10A /* PBXContainerItemProxy */ = {
			isa = PBXContainerItemProxy;
			containerPortal = BB3030C52FBDFCC20005B10A /* Project object */;
			proxyType = 1;
			remoteGlobalIDString = BB3031072FBDFCC40005B10A;
			remoteInfo = "tuexpertoesnexus Extension (macOS)";
		};
/* End PBXContainerItemProxy section */

/* Begin PBXCopyFilesBuildPhase section */
		BB3031312FBDFCC40005B10A /* Embed Foundation Extensions */ = {
			isa = PBXCopyFilesBuildPhase;
			buildActionMask = 2147483647;
			dstPath = "";
			dstSubfolderSpec = 13;
			files = (
				BB3030FF2FBDFCC40005B10A /* tuexpertoesnexus Extension.appex in Embed Foundation Extensions */,
			);
			name = "Embed Foundation Extensions";
			runOnlyForDeploymentPostprocessing = 0;
		};
		BB30313B2FBDFCC40005B10A /* Embed Foundation Extensions */ = {
			isa = PBXCopyFilesBuildPhase;
			buildActionMask = 2147483647;
			dstPath = "";
			dstSubfolderSpec = 13;
			files = (
				BB3031092FBDFCC40005B10A /* tuexpertoesnexus Extension.appex in Embed Foundation Extensions */,
			);
			name = "Embed Foundation Extensions";
			runOnlyForDeploymentPostprocessing = 0;
		};
/* End PBXCopyFilesBuildPhase section */

/* Begin PBXFileReference section */
		BB3030E12FBDFCC40005B10A /* tuexpertoesnexus.app */ = {isa = PBXFileReference; explicitFileType = wrapper.application; includeInIndex = 0; path = tuexpertoesnexus.app; sourceTree = BUILT_PRODUCTS_DIR; };
		BB3030F32FBDFCC40005B10A /* tuexpertoesnexus.app */ = {isa = PBXFileReference; explicitFileType = wrapper.application; includeInIndex = 0; path = tuexpertoesnexus.app; sourceTree = BUILT_PRODUCTS_DIR; };
		BB3030FE2FBDFCC40005B10A /* tuexpertoesnexus Extension.appex */ = {isa = PBXFileReference; explicitFileType = "wrapper.app-extension"; includeInIndex = 0; path = "tuexpertoesnexus Extension.appex"; sourceTree = BUILT_PRODUCTS_DIR; };
		BB3031082FBDFCC40005B10A /* tuexpertoesnexus Extension.appex */ = {isa = PBXFileReference; explicitFileType = "wrapper.app-extension"; includeInIndex = 0; path = "tuexpertoesnexus Extension.appex"; sourceTree = BUILT_PRODUCTS_DIR; };
/* End PBXFileReference section */

/* Begin PBXFileSystemSynchronizedBuildFileExceptionSet section */
		BB30312C2FBDFCC40005B10A /* Exceptions for "Shared (App)" folder in "tuexpertoesnexus (iOS)" target */ = {
			isa = PBXFileSystemSynchronizedBuildFileExceptionSet;
			membershipExceptions = (
				"/Localized: Resources/Main.html",
				Assets.xcassets,
				Resources/Icon.png,
				Resources/Script.js,
				Resources/Style.css,
				ViewController.swift,
			);
			target = BB3030E02FBDFCC40005B10A /* tuexpertoesnexus (iOS) */;
		};
		BB3031302FBDFCC40005B10A /* Exceptions for "iOS (Extension)" folder in "tuexpertoesnexus Extension (iOS)" target */ = {
			isa = PBXFileSystemSynchronizedBuildFileExceptionSet;
			membershipExceptions = (
				Info.plist,
			);
			target = BB3030FD2FBDFCC40005B10A /* tuexpertoesnexus Extension (iOS) */;
		};
		BB3031352FBDFCC40005B10A /* Exceptions for "iOS (App)" folder in "tuexpertoesnexus (iOS)" target */ = {
			isa = PBXFileSystemSynchronizedBuildFileExceptionSet;
			membershipExceptions = (
				Info.plist,
			);
			target = BB3030E02FBDFCC40005B10A /* tuexpertoesnexus (iOS) */;
		};
		BB3031362FBDFCC40005B10A /* Exceptions for "Shared (App)" folder in "tuexpertoesnexus (macOS)" target */ = {
			isa = PBXFileSystemSynchronizedBuildFileExceptionSet;
			membershipExceptions = (
				"/Localized: Resources/Main.html",
				Assets.xcassets,
				Resources/Icon.png,
				Resources/Script.js,
				Resources/Style.css,
				ViewController.swift,
			);
			target = BB3030F22FBDFCC40005B10A /* tuexpertoesnexus (macOS) */;
		};
		BB30313A2FBDFCC40005B10A /* Exceptions for "macOS (Extension)" folder in "tuexpertoesnexus Extension (macOS)" target */ = {
			isa = PBXFileSystemSynchronizedBuildFileExceptionSet;
			membershipExceptions = (
				Info.plist,
			);
			target = BB3031072FBDFCC40005B10A /* tuexpertoesnexus Extension (macOS) */;
		};
		BB30313F2FBDFCC40005B10A /* Exceptions for "Shared (Extension)" folder in "tuexpertoesnexus Extension (iOS)" target */ = {
			isa = PBXFileSystemSynchronizedBuildFileExceptionSet;
			membershipExceptions = (
				Resources/_locales,
				Resources/background.js,
				Resources/content.js,
				Resources/images,
				Resources/manifest.json,
				Resources/popup.css,
				Resources/popup.html,
				Resources/popup.js,
				SafariWebExtensionHandler.swift,
			);
			target = BB3030FD2FBDFCC40005B10A /* tuexpertoesnexus Extension (iOS) */;
		};
		BB3031402FBDFCC40005B10A /* Exceptions for "Shared (Extension)" folder in "tuexpertoesnexus Extension (macOS)" target */ = {
			isa = PBXFileSystemSynchronizedBuildFileExceptionSet;
			membershipExceptions = (
				Resources/_locales,
				Resources/background.js,
				Resources/content.js,
				Resources/images,
				Resources/manifest.json,
				Resources/popup.css,
				Resources/popup.html,
				Resources/popup.js,
				SafariWebExtensionHandler.swift,
			);
			target = BB3031072FBDFCC40005B10A /* tuexpertoesnexus Extension (macOS) */;
		};
/* End PBXFileSystemSynchronizedBuildFileExceptionSet section */

/* Begin PBXFileSystemSynchronizedRootGroup section */
		BB3030C92FBDFCC20005B10A /* Shared (App) */ = {
			isa = PBXFileSystemSynchronizedRootGroup;
			exceptions = (
				BB30312C2FBDFCC40005B10A /* Exceptions for "Shared (App)" folder in "tuexpertoesnexus (iOS)" target */,
				BB3031362FBDFCC40005B10A /* Exceptions for "Shared (App)" folder in "tuexpertoesnexus (macOS)" target */,
			);
			path = "Shared (App)";
			sourceTree = "<group>";
		};
		BB3030D22FBDFCC30005B10A /* Shared (Extension) */ = {
			isa = PBXFileSystemSynchronizedRootGroup;
			exceptions = (
				BB30313F2FBDFCC40005B10A /* Exceptions for "Shared (Extension)" folder in "tuexpertoesnexus Extension (iOS)" target */,
				BB3031402FBDFCC40005B10A /* Exceptions for "Shared (Extension)" folder in "tuexpertoesnexus Extension (macOS)" target */,
			);
			explicitFolders = (
				Resources/_locales,
				Resources/images,
			);
			path = "Shared (Extension)";
			sourceTree = "<group>";
		};
		BB3030E32FBDFCC40005B10A /* iOS (App) */ = {
			isa = PBXFileSystemSynchronizedRootGroup;
			exceptions = (
				BB3031352FBDFCC40005B10A /* Exceptions for "iOS (App)" folder in "tuexpertoesnexus (iOS)" target */,
			);
			path = "iOS (App)";
			sourceTree = "<group>";
		};
		BB3030F42FBDFCC40005B10A /* macOS (App) */ = {
			isa = PBXFileSystemSynchronizedRootGroup;
			path = "macOS (App)";
			sourceTree = "<group>";
		};
		BB3031022FBDFCC40005B10A /* iOS (Extension) */ = {
			isa = PBXFileSystemSynchronizedRootGroup;
			exceptions = (
				BB3031302FBDFCC40005B10A /* Exceptions for "iOS (Extension)" folder in "tuexpertoesnexus Extension (iOS)" target */,
			);
			path = "iOS (Extension)";
			sourceTree = "<group>";
		};
		BB30310C2FBDFCC40005B10A /* macOS (Extension) */ = {
			isa = PBXFileSystemSynchronizedRootGroup;
			exceptions = (
				BB30313A2FBDFCC40005B10A /* Exceptions for "macOS (Extension)" folder in "tuexpertoesnexus Extension (macOS)" target */,
			);
			path = "macOS (Extension)";
			sourceTree = "<group>";
		};
/* End PBXFileSystemSynchronizedRootGroup section */

/* Begin PBXFrameworksBuildPhase section */
		BB3030DE2FBDFCC40005B10A /* Frameworks */ = {
			isa = PBXFrameworksBuildPhase;
			buildActionMask = 2147483647;
			files = (
			);
			runOnlyForDeploymentPostprocessing = 0;
		};
		BB3030F02FBDFCC40005B10A /* Frameworks */ = {
			isa = PBXFrameworksBuildPhase;
			buildActionMask = 2147483647;
			files = (
			);
			runOnlyForDeploymentPostprocessing = 0;
		};
		BB3030FB2FBDFCC40005B10A /* Frameworks */ = {
			isa = PBXFrameworksBuildPhase;
			buildActionMask = 2147483647;
			files = (
			);
			runOnlyForDeploymentPostprocessing = 0;
		};
		BB3031052FBDFCC40005B10A /* Frameworks */ = {
			isa = PBXFrameworksBuildPhase;
			buildActionMask = 2147483647;
			files = (
			);
			runOnlyForDeploymentPostprocessing = 0;
		};
/* End PBXFrameworksBuildPhase section */

/* Begin PBXGroup section */
		BB3030C42FBDFCC20005B10A = {
			isa = PBXGroup;
			children = (
				BB3030C92FBDFCC20005B10A /* Shared (App) */,
				BB3030D22FBDFCC30005B10A /* Shared (Extension) */,
				BB3030E32FBDFCC40005B10A /* iOS (App) */,
				BB3030F42FBDFCC40005B10A /* macOS (App) */,
				BB3031022FBDFCC40005B10A /* iOS (Extension) */,
				BB30310C2FBDFCC40005B10A /* macOS (Extension) */,
				BB3030E22FBDFCC40005B10A /* Products */,
			);
			sourceTree = "<group>";
		};
		BB3030E22FBDFCC40005B10A /* Products */ = {
			isa = PBXGroup;
			children = (
				BB3030E12FBDFCC40005B10A /* tuexpertoesnexus.app */,
				BB3030F32FBDFCC40005B10A /* tuexpertoesnexus.app */,
				BB3030FE2FBDFCC40005B10A /* tuexpertoesnexus Extension.appex */,
				BB3031082FBDFCC40005B10A /* tuexpertoesnexus Extension.appex */,
			);
			name = Products;
			sourceTree = "<group>";
		};
/* End PBXGroup section */

/* Begin PBXNativeTarget section */
		BB3030E02FBDFCC40005B10A /* tuexpertoesnexus (iOS) */ = {
			isa = PBXNativeTarget;
			buildConfigurationList = BB3031322FBDFCC40005B10A /* Build configuration list for PBXNativeTarget "tuexpertoesnexus (iOS)" */;
			buildPhases = (
				BB3030DD2FBDFCC40005B10A /* Sources */,
				BB3030DE2FBDFCC40005B10A /* Frameworks */,
				BB3030DF2FBDFCC40005B10A /* Resources */,
				BB3031312FBDFCC40005B10A /* Embed Foundation Extensions */,
			);
			buildRules = (
			);
			dependencies = (
				BB3031012FBDFCC40005B10A /* PBXTargetDependency */,
			);
			fileSystemSynchronizedGroups = (
				BB3030E32FBDFCC40005B10A /* iOS (App) */,
			);
			name = "tuexpertoesnexus (iOS)";
			packageProductDependencies = (
			);
			productName = "tuexpertoesnexus (iOS)";
			productReference = BB3030E12FBDFCC40005B10A /* tuexpertoesnexus.app */;
			productType = "com.apple.product-type.application";
		};
		BB3030F22FBDFCC40005B10A /* tuexpertoesnexus (macOS) */ = {
			isa = PBXNativeTarget;
			buildConfigurationList = BB30313C2FBDFCC40005B10A /* Build configuration list for PBXNativeTarget "tuexpertoesnexus (macOS)" */;
			buildPhases = (
				BB3030EF2FBDFCC40005B10A /* Sources */,
				BB3030F02FBDFCC40005B10A /* Frameworks */,
				BB3030F12FBDFCC40005B10A /* Resources */,
				BB30313B2FBDFCC40005B10A /* Embed Foundation Extensions */,
			);
			buildRules = (
			);
			dependencies = (
				BB30310B2FBDFCC40005B10A /* PBXTargetDependency */,
			);
			fileSystemSynchronizedGroups = (
				BB3030F42FBDFCC40005B10A /* macOS (App) */,
			);
			name = "tuexpertoesnexus (macOS)";
			packageProductDependencies = (
			);
			productName = "tuexpertoesnexus (macOS)";
			productReference = BB3030F32FBDFCC40005B10A /* tuexpertoesnexus.app */;
			productType = "com.apple.product-type.application";
		};
		BB3030FD2FBDFCC40005B10A /* tuexpertoesnexus Extension (iOS) */ = {
			isa = PBXNativeTarget;
			buildConfigurationList = BB30312D2FBDFCC40005B10A /* Build configuration list for PBXNativeTarget "tuexpertoesnexus Extension (iOS)" */;
			buildPhases = (
				BB3030FA2FBDFCC40005B10A /* Sources */,
				BB3030FB2FBDFCC40005B10A /* Frameworks */,
				BB3030FC2FBDFCC40005B10A /* Resources */,
			);
			buildRules = (
			);
			dependencies = (
			);
			fileSystemSynchronizedGroups = (
				BB3031022FBDFCC40005B10A /* iOS (Extension) */,
			);
			name = "tuexpertoesnexus Extension (iOS)";
			packageProductDependencies = (
			);
			productName = "tuexpertoesnexus Extension (iOS)";
			productReference = BB3030FE2FBDFCC40005B10A /* tuexpertoesnexus Extension.appex */;
			productType = "com.apple.product-type.app-extension";
		};
		BB3031072FBDFCC40005B10A /* tuexpertoesnexus Extension (macOS) */ = {
			isa = PBXNativeTarget;
			buildConfigurationList = BB3031372FBDFCC40005B10A /* Build configuration list for PBXNativeTarget "tuexpertoesnexus Extension (macOS)" */;
			buildPhases = (
				BB3031042FBDFCC40005B10A /* Sources */,
				BB3031052FBDFCC40005B10A /* Frameworks */,
				BB3031062FBDFCC40005B10A /* Resources */,
			);
			buildRules = (
			);
			dependencies = (
			);
			fileSystemSynchronizedGroups = (
				BB30310C2FBDFCC40005B10A /* macOS (Extension) */,
			);
			name = "tuexpertoesnexus Extension (macOS)";
			packageProductDependencies = (
			);
			productName = "tuexpertoesnexus Extension (macOS)";
			productReference = BB3031082FBDFCC40005B10A /* tuexpertoesnexus Extension.appex */;
			productType = "com.apple.product-type.app-extension";
		};
/* End PBXNativeTarget section */

/* Begin PBXProject section */
		BB3030C52FBDFCC20005B10A /* Project object */ = {
			isa = PBXProject;
			attributes = {
				BuildIndependentTargetsInParallel = 1;
				LastSwiftUpdateCheck = 2650;
				LastUpgradeCheck = 2650;
				TargetAttributes = {
					BB3030E02FBDFCC40005B10A = {
						CreatedOnToolsVersion = 26.5;
					};
					BB3030F22FBDFCC40005B10A = {
						CreatedOnToolsVersion = 26.5;
					};
					BB3030FD2FBDFCC40005B10A = {
						CreatedOnToolsVersion = 26.5;
					};
					BB3031072FBDFCC40005B10A = {
						CreatedOnToolsVersion = 26.5;
					};
				};
			};
			buildConfigurationList = BB3030C82FBDFCC20005B10A /* Build configuration list for PBXProject "tuexpertoesnexus" */;
			developmentRegion = en;
			hasScannedForEncodings = 0;
			knownRegions = (
				en,
				Base,
			);
			mainGroup = BB3030C42FBDFCC20005B10A;
			minimizedProjectReferenceProxies = 1;
			preferredProjectObjectVersion = 77;
			productRefGroup = BB3030E22FBDFCC40005B10A /* Products */;
			projectDirPath = "";
			projectRoot = "";
			targets = (
				BB3030E02FBDFCC40005B10A /* tuexpertoesnexus (iOS) */,
				BB3030F22FBDFCC40005B10A /* tuexpertoesnexus (macOS) */,
				BB3030FD2FBDFCC40005B10A /* tuexpertoesnexus Extension (iOS) */,
				BB3031072FBDFCC40005B10A /* tuexpertoesnexus Extension (macOS) */,
			);
		};
/* End PBXProject section */

/* Begin PBXResourcesBuildPhase section */
		BB3030DF2FBDFCC40005B10A /* Resources */ = {
			isa = PBXResourcesBuildPhase;
			buildActionMask = 2147483647;
			files = (
			);
			runOnlyForDeploymentPostprocessing = 0;
		};
		BB3030F12FBDFCC40005B10A /* Resources */ = {
			isa = PBXResourcesBuildPhase;
			buildActionMask = 2147483647;
			files = (
			);
			runOnlyForDeploymentPostprocessing = 0;
		};
		BB3030FC2FBDFCC40005B10A /* Resources */ = {
			isa = PBXResourcesBuildPhase;
			buildActionMask = 2147483647;
			files = (
			);
			runOnlyForDeploymentPostprocessing = 0;
		};
		BB3031062FBDFCC40005B10A /* Resources */ = {
			isa = PBXResourcesBuildPhase;
			buildActionMask = 2147483647;
			files = (
			);
			runOnlyForDeploymentPostprocessing = 0;
		};
/* End PBXResourcesBuildPhase section */

/* Begin PBXSourcesBuildPhase section */
		BB3030DD2FBDFCC40005B10A /* Sources */ = {
			isa = PBXSourcesBuildPhase;
			buildActionMask = 2147483647;
			files = (
			);
			runOnlyForDeploymentPostprocessing = 0;
		};
		BB3030EF2FBDFCC40005B10A /* Sources */ = {
			isa = PBXSourcesBuildPhase;
			buildActionMask = 2147483647;
			files = (
			);
			runOnlyForDeploymentPostprocessing = 0;
		};
		BB3030FA2FBDFCC40005B10A /* Sources */ = {
			isa = PBXSourcesBuildPhase;
			buildActionMask = 2147483647;
			files = (
			);
			runOnlyForDeploymentPostprocessing = 0;
		};
		BB3031042FBDFCC40005B10A /* Sources */ = {
			isa = PBXSourcesBuildPhase;
			buildActionMask = 2147483647;
			files = (
			);
			runOnlyForDeploymentPostprocessing = 0;
		};
/* End PBXSourcesBuildPhase section */

/* Begin PBXTargetDependency section */
		BB3031012FBDFCC40005B10A /* PBXTargetDependency */ = {
			isa = PBXTargetDependency;
			target = BB3030FD2FBDFCC40005B10A /* tuexpertoesnexus Extension (iOS) */;
			targetProxy = BB3031002FBDFCC40005B10A /* PBXContainerItemProxy */;
		};
		BB30310B2FBDFCC40005B10A /* PBXTargetDependency */ = {
			isa = PBXTargetDependency;
			target = BB3031072FBDFCC40005B10A /* tuexpertoesnexus Extension (macOS) */;
			targetProxy = BB30310A2FBDFCC40005B10A /* PBXContainerItemProxy */;
		};
/* End PBXTargetDependency section */

/* Begin XCBuildConfiguration section */
		BB30312E2FBDFCC40005B10A /* Debug */ = {
			isa = XCBuildConfiguration;
			buildSettings = {
				CODE_SIGN_STYLE = Automatic;
				CURRENT_PROJECT_VERSION = 1;
				GENERATE_INFOPLIST_FILE = YES;
				INFOPLIST_FILE = "iOS (Extension)/Info.plist";
				INFOPLIST_KEY_CFBundleDisplayName = "tuexpertoesnexus Extension";
				INFOPLIST_KEY_NSHumanReadableCopyright = "";
				IPHONEOS_DEPLOYMENT_TARGET = 15.0;
				LD_RUNPATH_SEARCH_PATHS = (
					"$(inherited)",
					"@executable_path/Frameworks",
					"@executable_path/../../Frameworks",
				);
				MARKETING_VERSION = 1.0;
				OTHER_LDFLAGS = (
					"-framework",
					SafariServices,
				);
				PRODUCT_BUNDLE_IDENTIFIER = nexus.tuexpertoesnexus.Extension;
				PRODUCT_NAME = "tuexpertoesnexus Extension";
				SDKROOT = iphoneos;
				SKIP_INSTALL = YES;
				STRING_CATALOG_GENERATE_SYMBOLS = YES;
				SWIFT_APPROACHABLE_CONCURRENCY = YES;
				SWIFT_EMIT_LOC_STRINGS = YES;
				SWIFT_UPCOMING_FEATURE_MEMBER_IMPORT_VISIBILITY = YES;
				SWIFT_VERSION = 5.0;
				TARGETED_DEVICE_FAMILY = "1,2";
			};
			name = Debug;
		};
		BB30312F2FBDFCC40005B10A /* Release */ = {
			isa = XCBuildConfiguration;
			buildSettings = {
				CODE_SIGN_STYLE = Automatic;
				CURRENT_PROJECT_VERSION = 1;
				GENERATE_INFOPLIST_FILE = YES;
				INFOPLIST_FILE = "iOS (Extension)/Info.plist";
				INFOPLIST_KEY_CFBundleDisplayName = "tuexpertoesnexus Extension";
				INFOPLIST_KEY_NSHumanReadableCopyright = "";
				IPHONEOS_DEPLOYMENT_TARGET = 15.0;
				LD_RUNPATH_SEARCH_PATHS = (
					"$(inherited)",
					"@executable_path/Frameworks",
					"@executable_path/../../Frameworks",
				);
				MARKETING_VERSION = 1.0;
				OTHER_LDFLAGS = (
					"-framework",
					SafariServices,
				);
				PRODUCT_BUNDLE_IDENTIFIER = nexus.tuexpertoesnexus.Extension;
				PRODUCT_NAME = "tuexpertoesnexus Extension";
				SDKROOT = iphoneos;
				SKIP_INSTALL = YES;
				STRING_CATALOG_GENERATE_SYMBOLS = YES;
				SWIFT_APPROACHABLE_CONCURRENCY = YES;
				SWIFT_EMIT_LOC_STRINGS = YES;
				SWIFT_UPCOMING_FEATURE_MEMBER_IMPORT_VISIBILITY = YES;
				SWIFT_VERSION = 5.0;
				TARGETED_DEVICE_FAMILY = "1,2";
				VALIDATE_PRODUCT = YES;
			};
			name = Release;
		};
		BB3031332FBDFCC40005B10A /* Debug */ = {
			isa = XCBuildConfiguration;
			buildSettings = {
				ASSETCATALOG_COMPILER_APPICON_NAME = AppIcon;
				ASSETCATALOG_COMPILER_GLOBAL_ACCENT_COLOR_NAME = AccentColor;
				CODE_SIGN_STYLE = Automatic;
				CURRENT_PROJECT_VERSION = 1;
				GENERATE_INFOPLIST_FILE = YES;
				INFOPLIST_FILE = "iOS (App)/Info.plist";
				INFOPLIST_KEY_CFBundleDisplayName = tuexpertoesnexus;
				INFOPLIST_KEY_UIApplicationSupportsIndirectInputEvents = YES;
				INFOPLIST_KEY_UILaunchStoryboardName = LaunchScreen;
				INFOPLIST_KEY_UIMainStoryboardFile = Main;
				INFOPLIST_KEY_UISupportedInterfaceOrientations = "UIInterfaceOrientationPortrait UIInterfaceOrientationLandscapeLeft UIInterfaceOrientationLandscapeRight";
				INFOPLIST_KEY_UISupportedInterfaceOrientations_iPad = "UIInterfaceOrientationPortrait UIInterfaceOrientationPortraitUpsideDown UIInterfaceOrientationLandscapeLeft UIInterfaceOrientationLandscapeRight";
				IPHONEOS_DEPLOYMENT_TARGET = 15.0;
				LD_RUNPATH_SEARCH_PATHS = (
					"$(inherited)",
					"@executable_path/Frameworks",
				);
				MARKETING_VERSION = 1.0;
				OTHER_LDFLAGS = (
					"-framework",
					SafariServices,
					"-framework",
					WebKit,
				);
				PRODUCT_BUNDLE_IDENTIFIER = nexus.tuexpertoesnexus;
				PRODUCT_NAME = tuexpertoesnexus;
				SDKROOT = iphoneos;
				STRING_CATALOG_GENERATE_SYMBOLS = YES;
				SWIFT_APPROACHABLE_CONCURRENCY = YES;
				SWIFT_DEFAULT_ACTOR_ISOLATION = MainActor;
				SWIFT_EMIT_LOC_STRINGS = YES;
				SWIFT_UPCOMING_FEATURE_MEMBER_IMPORT_VISIBILITY = YES;
				SWIFT_VERSION = 5.0;
				TARGETED_DEVICE_FAMILY = "1,2";
			};
			name = Debug;
		};
		BB3031342FBDFCC40005B10A /* Release */ = {
			isa = XCBuildConfiguration;
			buildSettings = {
				ASSETCATALOG_COMPILER_APPICON_NAME = AppIcon;
				ASSETCATALOG_COMPILER_GLOBAL_ACCENT_COLOR_NAME = AccentColor;
				CODE_SIGN_STYLE = Automatic;
				CURRENT_PROJECT_VERSION = 1;
				GENERATE_INFOPLIST_FILE = YES;
				INFOPLIST_FILE = "iOS (App)/Info.plist";
				INFOPLIST_KEY_CFBundleDisplayName = tuexpertoesnexus;
				INFOPLIST_KEY_UIApplicationSupportsIndirectInputEvents = YES;
				INFOPLIST_KEY_UILaunchStoryboardName = LaunchScreen;
				INFOPLIST_KEY_UIMainStoryboardFile = Main;
				INFOPLIST_KEY_UISupportedInterfaceOrientations = "UIInterfaceOrientationPortrait UIInterfaceOrientationLandscapeLeft UIInterfaceOrientationLandscapeRight";
				INFOPLIST_KEY_UISupportedInterfaceOrientations_iPad = "UIInterfaceOrientationPortrait UIInterfaceOrientationPortraitUpsideDown UIInterfaceOrientationLandscapeLeft UIInterfaceOrientationLandscapeRight";
				IPHONEOS_DEPLOYMENT_TARGET = 15.0;
				LD_RUNPATH_SEARCH_PATHS = (
					"$(inherited)",
					"@executable_path/Frameworks",
				);
				MARKETING_VERSION = 1.0;
				OTHER_LDFLAGS = (
					"-framework",
					SafariServices,
					"-framework",
					WebKit,
				);
				PRODUCT_BUNDLE_IDENTIFIER = nexus.tuexpertoesnexus;
				PRODUCT_NAME = tuexpertoesnexus;
				SDKROOT = iphoneos;
				STRING_CATALOG_GENERATE_SYMBOLS = YES;
				SWIFT_APPROACHABLE_CONCURRENCY = YES;
				SWIFT_DEFAULT_ACTOR_ISOLATION = MainActor;
				SWIFT_EMIT_LOC_STRINGS = YES;
				SWIFT_UPCOMING_FEATURE_MEMBER_IMPORT_VISIBILITY = YES;
				SWIFT_VERSION = 5.0;
				TARGETED_DEVICE_FAMILY = "1,2";
				VALIDATE_PRODUCT = YES;
			};
			name = Release;
		};
		BB3031382FBDFCC40005B10A /* Debug */ = {
			isa = XCBuildConfiguration;
			buildSettings = {
				CODE_SIGN_STYLE = Automatic;
				CURRENT_PROJECT_VERSION = 1;
				ENABLE_APP_SANDBOX = YES;
				ENABLE_HARDENED_RUNTIME = YES;
				ENABLE_USER_SELECTED_FILES = readonly;
				GENERATE_INFOPLIST_FILE = YES;
				INFOPLIST_FILE = "macOS (Extension)/Info.plist";
				INFOPLIST_KEY_CFBundleDisplayName = "tuexpertoesnexus Extension";
				INFOPLIST_KEY_NSHumanReadableCopyright = "";
				LD_RUNPATH_SEARCH_PATHS = (
					"$(inherited)",
					"@executable_path/../Frameworks",
					"@executable_path/../../../../Frameworks",
				);
				MACOSX_DEPLOYMENT_TARGET = 10.14;
				MARKETING_VERSION = 1.0;
				OTHER_LDFLAGS = (
					"-framework",
					SafariServices,
				);
				PRODUCT_BUNDLE_IDENTIFIER = nexus.tuexpertoesnexus.Extension;
				PRODUCT_NAME = "tuexpertoesnexus Extension";
				SDKROOT = macosx;
				SKIP_INSTALL = YES;
				STRING_CATALOG_GENERATE_SYMBOLS = YES;
				SWIFT_APPROACHABLE_CONCURRENCY = YES;
				SWIFT_EMIT_LOC_STRINGS = YES;
				SWIFT_UPCOMING_FEATURE_MEMBER_IMPORT_VISIBILITY = YES;
				SWIFT_VERSION = 5.0;
			};
			name = Debug;
		};
		BB3031392FBDFCC40005B10A /* Release */ = {
			isa = XCBuildConfiguration;
			buildSettings = {
				CODE_SIGN_STYLE = Automatic;
				CURRENT_PROJECT_VERSION = 1;
				ENABLE_APP_SANDBOX = YES;
				ENABLE_HARDENED_RUNTIME = YES;
				ENABLE_USER_SELECTED_FILES = readonly;
				GENERATE_INFOPLIST_FILE = YES;
				INFOPLIST_FILE = "macOS (Extension)/Info.plist";
				INFOPLIST_KEY_CFBundleDisplayName = "tuexpertoesnexus Extension";
				INFOPLIST_KEY_NSHumanReadableCopyright = "";
				LD_RUNPATH_SEARCH_PATHS = (
					"$(inherited)",
					"@executable_path/../Frameworks",
					"@executable_path/../../../../Frameworks",
				);
				MACOSX_DEPLOYMENT_TARGET = 10.14;
				MARKETING_VERSION = 1.0;
				OTHER_LDFLAGS = (
					"-framework",
					SafariServices,
				);
				PRODUCT_BUNDLE_IDENTIFIER = nexus.tuexpertoesnexus.Extension;
				PRODUCT_NAME = "tuexpertoesnexus Extension";
				SDKROOT = macosx;
				SKIP_INSTALL = YES;
				STRING_CATALOG_GENERATE_SYMBOLS = YES;
				SWIFT_APPROACHABLE_CONCURRENCY = YES;
				SWIFT_EMIT_LOC_STRINGS = YES;
				SWIFT_UPCOMING_FEATURE_MEMBER_IMPORT_VISIBILITY = YES;
				SWIFT_VERSION = 5.0;
			};
			name = Release;
		};
		BB30313D2FBDFCC40005B10A /* Debug */ = {
			isa = XCBuildConfiguration;
			buildSettings = {
				ASSETCATALOG_COMPILER_APPICON_NAME = AppIcon;
				ASSETCATALOG_COMPILER_GLOBAL_ACCENT_COLOR_NAME = AccentColor;
				CODE_SIGN_STYLE = Automatic;
				CURRENT_PROJECT_VERSION = 1;
				ENABLE_APP_SANDBOX = YES;
				ENABLE_HARDENED_RUNTIME = YES;
				ENABLE_OUTGOING_NETWORK_CONNECTIONS = YES;
				ENABLE_USER_SELECTED_FILES = readonly;
				GENERATE_INFOPLIST_FILE = YES;
				INFOPLIST_KEY_CFBundleDisplayName = tuexpertoesnexus;
				INFOPLIST_KEY_NSMainStoryboardFile = Main;
				INFOPLIST_KEY_NSPrincipalClass = NSApplication;
				LD_RUNPATH_SEARCH_PATHS = (
					"$(inherited)",
					"@executable_path/../Frameworks",
				);
				MACOSX_DEPLOYMENT_TARGET = 10.14;
				MARKETING_VERSION = 1.0;
				OTHER_LDFLAGS = (
					"-framework",
					SafariServices,
					"-framework",
					WebKit,
				);
				PRODUCT_BUNDLE_IDENTIFIER = nexus.tuexpertoesnexus;
				PRODUCT_NAME = tuexpertoesnexus;
				REGISTER_APP_GROUPS = YES;
				SDKROOT = macosx;
				STRING_CATALOG_GENERATE_SYMBOLS = YES;
				SWIFT_APPROACHABLE_CONCURRENCY = YES;
				SWIFT_DEFAULT_ACTOR_ISOLATION = MainActor;
				SWIFT_EMIT_LOC_STRINGS = YES;
				SWIFT_UPCOMING_FEATURE_MEMBER_IMPORT_VISIBILITY = YES;
				SWIFT_VERSION = 5.0;
			};
			name = Debug;
		};
		BB30313E2FBDFCC40005B10A /* Release */ = {
			isa = XCBuildConfiguration;
			buildSettings = {
				ASSETCATALOG_COMPILER_APPICON_NAME = AppIcon;
				ASSETCATALOG_COMPILER_GLOBAL_ACCENT_COLOR_NAME = AccentColor;
				CODE_SIGN_STYLE = Automatic;
				CURRENT_PROJECT_VERSION = 1;
				ENABLE_APP_SANDBOX = YES;
				ENABLE_HARDENED_RUNTIME = YES;
				ENABLE_OUTGOING_NETWORK_CONNECTIONS = YES;
				ENABLE_USER_SELECTED_FILES = readonly;
				GENERATE_INFOPLIST_FILE = YES;
				INFOPLIST_KEY_CFBundleDisplayName = tuexpertoesnexus;
				INFOPLIST_KEY_NSMainStoryboardFile = Main;
				INFOPLIST_KEY_NSPrincipalClass = NSApplication;
				LD_RUNPATH_SEARCH_PATHS = (
					"$(inherited)",
					"@executable_path/../Frameworks",
				);
				MACOSX_DEPLOYMENT_TARGET = 10.14;
				MARKETING_VERSION = 1.0;
				OTHER_LDFLAGS = (
					"-framework",
					SafariServices,
					"-framework",
					WebKit,
				);
				PRODUCT_BUNDLE_IDENTIFIER = nexus.tuexpertoesnexus;
				PRODUCT_NAME = tuexpertoesnexus;
				REGISTER_APP_GROUPS = YES;
				SDKROOT = macosx;
				STRING_CATALOG_GENERATE_SYMBOLS = YES;
				SWIFT_APPROACHABLE_CONCURRENCY = YES;
				SWIFT_DEFAULT_ACTOR_ISOLATION = MainActor;
				SWIFT_EMIT_LOC_STRINGS = YES;
				SWIFT_UPCOMING_FEATURE_MEMBER_IMPORT_VISIBILITY = YES;
				SWIFT_VERSION = 5.0;
			};
			name = Release;
		};
		BB3031412FBDFCC40005B10A /* Debug */ = {
			isa = XCBuildConfiguration;
			buildSettings = {
				ALWAYS_SEARCH_USER_PATHS = NO;
				ASSETCATALOG_COMPILER_GENERATE_SWIFT_ASSET_SYMBOL_EXTENSIONS = YES;
				CLANG_ANALYZER_NONNULL = YES;
				CLANG_ANALYZER_NUMBER_OBJECT_CONVERSION = YES_AGGRESSIVE;
				CLANG_CXX_LANGUAGE_STANDARD = "gnu++20";
				CLANG_ENABLE_MODULES = YES;
				CLANG_ENABLE_OBJC_ARC = YES;
				CLANG_ENABLE_OBJC_WEAK = YES;
				CLANG_WARN_BLOCK_CAPTURE_AUTORELEASING = YES;
				CLANG_WARN_BOOL_CONVERSION = YES;
				CLANG_WARN_COMMA = YES;
				CLANG_WARN_CONSTANT_CONVERSION = YES;
				CLANG_WARN_DEPRECATED_OBJC_IMPLEMENTATIONS = YES;
				CLANG_WARN_DIRECT_OBJC_ISA_USAGE = YES_ERROR;
				CLANG_WARN_DOCUMENTATION_COMMENTS = YES;
				CLANG_WARN_EMPTY_BODY = YES;
				CLANG_WARN_ENUM_CONVERSION = YES;
				CLANG_WARN_INFINITE_RECURSION = YES;
				CLANG_WARN_INT_CONVERSION = YES;
				CLANG_WARN_NON_LITERAL_NULL_CONVERSION = YES;
				CLANG_WARN_OBJC_IMPLICIT_RETAIN_SELF = YES;
				CLANG_WARN_OBJC_LITERAL_CONVERSION = YES;
				CLANG_WARN_OBJC_ROOT_CLASS = YES_ERROR;
				CLANG_WARN_QUOTED_INCLUDE_IN_FRAMEWORK_HEADER = YES;
				CLANG_WARN_RANGE_LOOP_ANALYSIS = YES;
				CLANG_WARN_STRICT_PROTOTYPES = YES;
				CLANG_WARN_SUSPICIOUS_MOVE = YES;
				CLANG_WARN_UNGUARDED_AVAILABILITY = YES_AGGRESSIVE;
				CLANG_WARN_UNREACHABLE_CODE = YES;
				CLANG_WARN__DUPLICATE_METHOD_MATCH = YES;
				COPY_PHASE_STRIP = NO;
				DEBUG_INFORMATION_FORMAT = dwarf;
				ENABLE_STRICT_OBJC_MSGSEND = YES;
				ENABLE_TESTABILITY = YES;
				ENABLE_USER_SCRIPT_SANDBOXING = YES;
				GCC_C_LANGUAGE_STANDARD = gnu17;
				GCC_DYNAMIC_NO_PIC = NO;
				GCC_NO_COMMON_BLOCKS = YES;
				GCC_OPTIMIZATION_LEVEL = 0;
				GCC_PREPROCESSOR_DEFINITIONS = (
					"DEBUG=1",
					"$(inherited)",
				);
				GCC_WARN_64_TO_32_BIT_CONVERSION = YES;
				GCC_WARN_ABOUT_RETURN_TYPE = YES_ERROR;
				GCC_WARN_UNDECLARED_SELECTOR = YES;
				GCC_WARN_UNINITIALIZED_AUTOS = YES_AGGRESSIVE;
				GCC_WARN_UNUSED_FUNCTION = YES;
				GCC_WARN_UNUSED_VARIABLE = YES;
				LOCALIZATION_PREFERS_STRING_CATALOGS = YES;
				MTL_ENABLE_DEBUG_INFO = INCLUDE_SOURCE;
				MTL_FAST_MATH = YES;
				ONLY_ACTIVE_ARCH = YES;
				SWIFT_ACTIVE_COMPILATION_CONDITIONS = "DEBUG $(inherited)";
				SWIFT_OPTIMIZATION_LEVEL = "-Onone";
			};
			name = Debug;
		};
		BB3031422FBDFCC40005B10A /* Release */ = {
			isa = XCBuildConfiguration;
			buildSettings = {
				ALWAYS_SEARCH_USER_PATHS = NO;
				ASSETCATALOG_COMPILER_GENERATE_SWIFT_ASSET_SYMBOL_EXTENSIONS = YES;
				CLANG_ANALYZER_NONNULL = YES;
				CLANG_ANALYZER_NUMBER_OBJECT_CONVERSION = YES_AGGRESSIVE;
				CLANG_CXX_LANGUAGE_STANDARD = "gnu++20";
				CLANG_ENABLE_MODULES = YES;
				CLANG_ENABLE_OBJC_ARC = YES;
				CLANG_ENABLE_OBJC_WEAK = YES;
				CLANG_WARN_BLOCK_CAPTURE_AUTORELEASING = YES;
				CLANG_WARN_BOOL_CONVERSION = YES;
				CLANG_WARN_COMMA = YES;
				CLANG_WARN_CONSTANT_CONVERSION = YES;
				CLANG_WARN_DEPRECATED_OBJC_IMPLEMENTATIONS = YES;
				CLANG_WARN_DIRECT_OBJC_ISA_USAGE = YES_ERROR;
				CLANG_WARN_DOCUMENTATION_COMMENTS = YES;
				CLANG_WARN_EMPTY_BODY = YES;
				CLANG_WARN_ENUM_CONVERSION = YES;
				CLANG_WARN_INFINITE_RECURSION = YES;
				CLANG_WARN_INT_CONVERSION = YES;
				CLANG_WARN_NON_LITERAL_NULL_CONVERSION = YES;
				CLANG_WARN_OBJC_IMPLICIT_RETAIN_SELF = YES;
				CLANG_WARN_OBJC_LITERAL_CONVERSION = YES;
				CLANG_WARN_OBJC_ROOT_CLASS = YES_ERROR;
				CLANG_WARN_QUOTED_INCLUDE_IN_FRAMEWORK_HEADER = YES;
				CLANG_WARN_RANGE_LOOP_ANALYSIS = YES;
				CLANG_WARN_STRICT_PROTOTYPES = YES;
				CLANG_WARN_SUSPICIOUS_MOVE = YES;
				CLANG_WARN_UNGUARDED_AVAILABILITY = YES_AGGRESSIVE;
				CLANG_WARN_UNREACHABLE_CODE = YES;
				CLANG_WARN__DUPLICATE_METHOD_MATCH = YES;
				COPY_PHASE_STRIP = NO;
				DEBUG_INFORMATION_FORMAT = "dwarf-with-dsym";
				ENABLE_NS_ASSERTIONS = NO;
				ENABLE_STRICT_OBJC_MSGSEND = YES;
				ENABLE_USER_SCRIPT_SANDBOXING = YES;
				GCC_C_LANGUAGE_STANDARD = gnu17;
				GCC_NO_COMMON_BLOCKS = YES;
				GCC_WARN_64_TO_32_BIT_CONVERSION = YES;
				GCC_WARN_ABOUT_RETURN_TYPE = YES_ERROR;
				GCC_WARN_UNDECLARED_SELECTOR = YES;
				GCC_WARN_UNINITIALIZED_AUTOS = YES_AGGRESSIVE;
				GCC_WARN_UNUSED_FUNCTION = YES;
				GCC_WARN_UNUSED_VARIABLE = YES;
				LOCALIZATION_PREFERS_STRING_CATALOGS = YES;
				MTL_ENABLE_DEBUG_INFO = NO;
				MTL_FAST_MATH = YES;
				SWIFT_COMPILATION_MODE = wholemodule;
			};
			name = Release;
		};
/* End XCBuildConfiguration section */

/* Begin XCConfigurationList section */
		BB3030C82FBDFCC20005B10A /* Build configuration list for PBXProject "tuexpertoesnexus" */ = {
			isa = XCConfigurationList;
			buildConfigurations = (
				BB3031412FBDFCC40005B10A /* Debug */,
				BB3031422FBDFCC40005B10A /* Release */,
			);
			defaultConfigurationIsVisible = 0;
			defaultConfigurationName = Release;
		};
		BB30312D2FBDFCC40005B10A /* Build configuration list for PBXNativeTarget "tuexpertoesnexus Extension (iOS)" */ = {
			isa = XCConfigurationList;
			buildConfigurations = (
				BB30312E2FBDFCC40005B10A /* Debug */,
				BB30312F2FBDFCC40005B10A /* Release */,
			);
			defaultConfigurationIsVisible = 0;
			defaultConfigurationName = Release;
		};
		BB3031322FBDFCC40005B10A /* Build configuration list for PBXNativeTarget "tuexpertoesnexus (iOS)" */ = {
			isa = XCConfigurationList;
			buildConfigurations = (
				BB3031332FBDFCC40005B10A /* Debug */,
				BB3031342FBDFCC40005B10A /* Release */,
			);
			defaultConfigurationIsVisible = 0;
			defaultConfigurationName = Release;
		};
		BB3031372FBDFCC40005B10A /* Build configuration list for PBXNativeTarget "tuexpertoesnexus Extension (macOS)" */ = {
			isa = XCConfigurationList;
			buildConfigurations = (
				BB3031382FBDFCC40005B10A /* Debug */,
				BB3031392FBDFCC40005B10A /* Release */,
			);
			defaultConfigurationIsVisible = 0;
			defaultConfigurationName = Release;
		};
		BB30313C2FBDFCC40005B10A /* Build configuration list for PBXNativeTarget "tuexpertoesnexus (macOS)" */ = {
			isa = XCConfigurationList;
			buildConfigurations = (
				BB30313D2FBDFCC40005B10A /* Debug */,
				BB30313E2FBDFCC40005B10A /* Release */,
			);
			defaultConfigurationIsVisible = 0;
			defaultConfigurationName = Release;
		};
/* End XCConfigurationList section */
	};
	rootObject = BB3030C52FBDFCC20005B10A /* Project object */;
}
